
Microsoft Visual Studio Solution File, Format Version 12.00
# Visual Studio 15
VisualStudioVersion = 15.0.28307.539
MinimumVisualStudioVersion = 10.0.40219.1
Project("{FAE04EC0-301F-11D3-BF4B-00C04F79EFBC}") = "PortfolioProjectV1.0", "PortfolioProjectV1.0\PortfolioProjectV1.0.csproj", "{B6D5EB5F-B648-40B6-B70D-93DAC09FBD58}"
EndProject
Project("{FAE04EC0-301F-11D3-BF4B-00C04F79EFBC}") = "PortfolioProjectV1.0.Tests", "PortfolioProjectV1.0.Tests\PortfolioProjectV1.0.Tests.csproj", "{D616D172-0C46-4329-A4E1-D33583D548E3}"
EndProject
Global
	GlobalSection(SolutionConfigurationPlatforms) = preSolution
		Debug|Any CPU = Debug|Any CPU
		Release|Any CPU = Release|Any CPU
	EndGlobalSection
	GlobalSection(ProjectConfigurationPlatforms) = postSolution
		{B6D5EB5F-B648-40B6-B70D-93DAC09FBD58}.Debug|Any CPU.ActiveCfg = Debug|Any CPU
		{B6D5EB5F-B648-40B6-B70D-93DAC09FBD58}.Debug|Any CPU.Build.0 = Debug|Any CPU
		{B6D5EB5F-B648-40B6-B70D-93DAC09FBD58}.Release|Any CPU.ActiveCfg = Release|Any CPU
		{B6D5EB5F-B648-40B6-B70D-93DAC09FBD58}.Release|Any CPU.Build.0 = Release|Any CPU
		{D616D172-0C46-4329-A4E1-D33583D548E3}.Debug|Any CPU.ActiveCfg = Debug|Any CPU
		{D616D172-0C46-4329-A4E1-D33583D548E3}.Debug|Any CPU.Build.0 = Debug|Any CPU
		{D616D172-0C46-4329-A4E1-D33583D548E3}.Release|Any CPU.ActiveCfg = Release|Any CPU
		{D616D172-0C46-4329-A4E1-D33583D548E3}.Release|Any CPU.Build.0 = Release|Any CPU
	EndGlobalSection
	GlobalSection(SolutionProperties) = preSolution
		HideSolutionNode = FALSE
	EndGlobalSection
	GlobalSection(ExtensibilityGlobals) = postSolution
		SolutionGuid = {6DA45A6B-25D0-4CCF-9D5F-1A9B4E222DCA}
	EndGlobalSection
EndGlobal
